// !$*UTF8*$!
{
	archiveVersion = 1;
	classes = {
	};
	objectVersion = 46;
	objects = {

/* Begin PBXBuildFile section */
		6A3E52F116FFB9A200233C5F /* main.cpp in Sources */ = {isa = PBXBuildFile; fileRef = 6A3E52F016FFB9A200233C5F /* main.cpp */; };
		6A3E52F316FFB9A200233C5F /* SDLClickAndDrag.1 in CopyFiles */ = {isa = PBXBuildFile; fileRef = 6A3E52F216FFB9A200233C5F /* SDLClickAndDrag.1 */; };
		6A3E52FA16FFB9C100233C5F /* Cocoa.framework in Frameworks */ = {isa = PBXBuildFile; fileRef = 6A3E52F916FFB9C100233C5F /* Cocoa.framework */; };
		6A3E52FC16FFB9D100233C5F /* SDL.framework in Frameworks */ = {isa = PBXBuildFile; fileRef = 6A3E52FB16FFB9D100233C5F /* SDL.framework */; };
		6A3E52FE16FFB9E300233C5F /* SDL_ttf.framework in Frameworks */ = {isa = PBXBuildFile; fileRef = 6A3E52FD16FFB9E200233C5F /* SDL_ttf.framework */; };
		6A3E530016FFB9F100233C5F /* SDL_image.framework in Frameworks */ = {isa = PBXBuildFile; fileRef = 6A3E52FF16FFB9F100233C5F /* SDL_image.framework */; };
		6A3E530616FFC83500233C5F /* SDLMain.m in Sources */ = {isa = PBXBuildFile; fileRef = 6A3E530516FFC83500233C5F /* SDLMain.m */; };
		6A3E53091702AF7F00233C5F /* SDL_Basic.cpp in Sources */ = {isa = PBXBuildFile; fileRef = 6A3E53071702AF7F00233C5F /* SDL_Basic.cpp */; };
/* End PBXBuildFile section */

/* Begin PBXCopyFilesBuildPhase section */
		6A3E52EB16FFB9A200233C5F /* CopyFiles */ = {
			isa = PBXCopyFilesBuildPhase;
			buildActionMask = 2147483647;
			dstPath = /usr/share/man/man1/;
			dstSubfolderSpec = 0;
			files = (
				6A3E52F316FFB9A200233C5F /* SDLClickAndDrag.1 in CopyFiles */,
			);
			runOnlyForDeploymentPostprocessing = 1;
		};
/* End PBXCopyFilesBuildPhase section */

/* Begin PBXFileReference section */
		6A3E52ED16FFB9A200233C5F /* SDLClickAndDrag */ = {isa = PBXFileReference; explicitFileType = "compiled.mach-o.executable"; includeInIndex = 0; path = SDLClickAndDrag; sourceTree = BUILT_PRODUCTS_DIR; };
		6A3E52F016FFB9A200233C5F /* main.cpp */ = {isa = PBXFileReference; lastKnownFileType = sourcecode.cpp.cpp; path = main.cpp; sourceTree = "<group>"; };
		6A3E52F216FFB9A200233C5F /* SDLClickAndDrag.1 */ = {isa = PBXFileReference; lastKnownFileType = text.man; path = SDLClickAndDrag.1; sourceTree = "<group>"; };
		6A3E52F916FFB9C100233C5F /* Cocoa.framework */ = {isa = PBXFileReference; lastKnownFileType = wrapper.framework; name = Cocoa.framework; path = System/Library/Frameworks/Cocoa.framework; sourceTree = SDKROOT; };
		6A3E52FB16FFB9D100233C5F /* SDL.framework */ = {isa = PBXFileReference; lastKnownFileType = wrapper.framework; name = SDL.framework; path = ../../../../../Library/Frameworks/SDL.framework; sourceTree = "<group>"; };
		6A3E52FD16FFB9E200233C5F /* SDL_ttf.framework */ = {isa = PBXFileReference; lastKnownFileType = wrapper.framework; name = SDL_ttf.framework; path = ../../../../../Library/Frameworks/SDL_ttf.framework; sourceTree = "<group>"; };
		6A3E52FF16FFB9F100233C5F /* SDL_image.framework */ = {isa = PBXFileReference; lastKnownFileType = wrapper.framework; name = SDL_image.framework; path = ../../../../../Library/Frameworks/SDL_image.framework; sourceTree = "<group>"; };
		6A3E530416FFC83500233C5F /* SDLMain.h */ = {isa = PBXFileReference; fileEncoding = 4; lastKnownFileType = sourcecode.c.h; name = SDLMain.h; path = ../../SDLMain.h; sourceTree = "<group>"; };
		6A3E530516FFC83500233C5F /* SDLMain.m */ = {isa = PBXFileReference; fileEncoding = 4; lastKnownFileType = sourcecode.c.objc; name = SDLMain.m; path = ../../SDLMain.m; sourceTree = "<group>"; };
		6A3E53071702AF7F00233C5F /* SDL_Basic.cpp */ = {isa = PBXFileReference; fileEncoding = 4; lastKnownFileType = sourcecode.cpp.cpp; path = SDL_Basic.cpp; sourceTree = "<group>"; };
		6A3E53081702AF7F00233C5F /* SDL_Basic.h */ = {isa = PBXFileReference; fileEncoding = 4; lastKnownFileType = sourcecode.c.h; path = SDL_Basic.h; sourceTree = "<group>"; };
/* End PBXFileReference section */

/* Begin PBXFrameworksBuildPhase section */
		6A3E52EA16FFB9A200233C5F /* Frameworks */ = {
			isa = PBXFrameworksBuildPhase;
			buildActionMask = 2147483647;
			files = (
				6A3E530016FFB9F100233C5F /* SDL_image.framework in Frameworks */,
				6A3E52FE16FFB9E300233C5F /* SDL_ttf.framework in Frameworks */,
				6A3E52FC16FFB9D100233C5F /* SDL.framework in Frameworks */,
				6A3E52FA16FFB9C100233C5F /* Cocoa.framework in Frameworks */,
			);
			runOnlyForDeploymentPostprocessing = 0;
		};
/* End PBXFrameworksBuildPhase section */

/* Begin PBXGroup section */
		6A3E52E416FFB9A200233C5F = {
			isa = PBXGroup;
			children = (
				6A3E52FF16FFB9F100233C5F /* SDL_image.framework */,
				6A3E52FD16FFB9E200233C5F /* SDL_ttf.framework */,
				6A3E52FB16FFB9D100233C5F /* SDL.framework */,
				6A3E52F916FFB9C100233C5F /* Cocoa.framework */,
				6A3E52EF16FFB9A200233C5F /* SDLClickAndDrag */,
				6A3E52EE16FFB9A200233C5F /* Products */,
			);
			sourceTree = "<group>";
		};
		6A3E52EE16FFB9A200233C5F /* Products */ = {
			isa = PBXGroup;
			children = (
				6A3E52ED16FFB9A200233C5F /* SDLClickAndDrag */,
			);
			name = Products;
			sourceTree = "<group>";
		};
		6A3E52EF16FFB9A200233C5F /* SDLClickAndDrag */ = {
			isa = PBXGroup;
			children = (
				6A3E530416FFC83500233C5F /* SDLMain.h */,
				6A3E530516FFC83500233C5F /* SDLMain.m */,
				6A3E52F016FFB9A200233C5F /* main.cpp */,
				6A3E53071702AF7F00233C5F /* SDL_Basic.cpp */,
				6A3E53081702AF7F00233C5F /* SDL_Basic.h */,
				6A3E52F216FFB9A200233C5F /* SDLClickAndDrag.1 */,
			);
			path = SDLClickAndDrag;
			sourceTree = "<group>";
		};
/* End PBXGroup section */

/* Begin PBXNativeTarget section */
		6A3E52EC16FFB9A200233C5F /* SDLClickAndDrag */ = {
			isa = PBXNativeTarget;
			buildConfigurationList = 6A3E52F616FFB9A200233C5F /* Build configuration list for PBXNativeTarget "SDLClickAndDrag" */;
			buildPhases = (
				6A3E52E916FFB9A200233C5F /* Sources */,
				6A3E52EA16FFB9A200233C5F /* Frameworks */,
				6A3E52EB16FFB9A200233C5F /* CopyFiles */,
			);
			buildRules = (
			);
			dependencies = (
			);
			name = SDLClickAndDrag;
			productName = SDLClickAndDrag;
			productReference = 6A3E52ED16FFB9A200233C5F /* SDLClickAndDrag */;
			productType = "com.apple.product-type.tool";
		};
/* End PBXNativeTarget section */

/* Begin PBXProject section */
		6A3E52E516FFB9A200233C5F /* Project object */ = {
			isa = PBXProject;
			attributes = {
				LastUpgradeCheck = 0460;
				ORGANIZATIONNAME = "Maribeth Rauh";
			};
			buildConfigurationList = 6A3E52E816FFB9A200233C5F /* Build configuration list for PBXProject "SDLClickAndDrag" */;
			compatibilityVersion = "Xcode 3.2";
			developmentRegion = English;
			hasScannedForEncodings = 0;
			knownRegions = (
				en,
			);
			mainGroup = 6A3E52E416FFB9A200233C5F;
			productRefGroup = 6A3E52EE16FFB9A200233C5F /* Products */;
			projectDirPath = "";
			projectRoot = "";
			targets = (
				6A3E52EC16FFB9A200233C5F /* SDLClickAndDrag */,
			);
		};
/* End PBXProject section */

/* Begin PBXSourcesBuildPhase section */
		6A3E52E916FFB9A200233C5F /* Sources */ = {
			isa = PBXSourcesBuildPhase;
			buildActionMask = 2147483647;
			files = (
				6A3E52F116FFB9A200233C5F /* main.cpp in Sources */,
				6A3E530616FFC83500233C5F /* SDLMain.m in Sources */,
				6A3E53091702AF7F00233C5F /* SDL_Basic.cpp in Sources */,
			);
			runOnlyForDeploymentPostprocessing = 0;
		};
/* End PBXSourcesBuildPhase section */

/* Begin XCBuildConfiguration section */
		6A3E52F416FFB9A200233C5F /* Debug */ = {
			isa = XCBuildConfiguration;
			buildSettings = {
				ALWAYS_SEARCH_USER_PATHS = NO;
				ARCHS = "$(ARCHS_STANDARD_64_BIT)";
				CLANG_CXX_LANGUAGE_STANDARD = "gnu++0x";
				CLANG_CXX_LIBRARY = "libc++";
				CLANG_WARN_CONSTANT_CONVERSION = YES;
				CLANG_WARN_EMPTY_BODY = YES;
				CLANG_WARN_ENUM_CONVERSION = YES;
				CLANG_WARN_INT_CONVERSION = YES;
				CLANG_WARN__DUPLICATE_METHOD_MATCH = YES;
				COPY_PHASE_STRIP = NO;
				GCC_C_LANGUAGE_STANDARD = gnu99;
				GCC_DYNAMIC_NO_PIC = NO;
				GCC_ENABLE_OBJC_EXCEPTIONS = YES;
				GCC_OPTIMIZATION_LEVEL = 0;
				GCC_PREPROCESSOR_DEFINITIONS = (
					"DEBUG=1",
					"$(inherited)",
				);
				GCC_SYMBOLS_PRIVATE_EXTERN = NO;
				GCC_WARN_64_TO_32_BIT_CONVERSION = YES;
				GCC_WARN_ABOUT_RETURN_TYPE = YES;
				GCC_WARN_UNINITIALIZED_AUTOS = YES;
				GCC_WARN_UNUSED_VARIABLE = YES;
				MACOSX_DEPLOYMENT_TARGET = 10.8;
				ONLY_ACTIVE_ARCH = YES;
				SDKROOT = macosx;
			};
			name = Debug;
		};
		6A3E52F516FFB9A200233C5F /* Release */ = {
			isa = XCBuildConfiguration;
			buildSettings = {
				ALWAYS_SEARCH_USER_PATHS = NO;
				ARCHS = "$(ARCHS_STANDARD_64_BIT)";
				CLANG_CXX_LANGUAGE_STANDARD = "gnu++0x";
				CLANG_CXX_LIBRARY = "libc++";
				CLANG_WARN_CONSTANT_CONVERSION = YES;
				CLANG_WARN_EMPTY_BODY = YES;
				CLANG_WARN_ENUM_CONVERSION = YES;
				CLANG_WARN_INT_CONVERSION = YES;
				CLANG_WARN__DUPLICATE_METHOD_MATCH = YES;
				COPY_PHASE_STRIP = YES;
				DEBUG_INFORMATION_FORMAT = "dwarf-with-dsym";
				GCC_C_LANGUAGE_STANDARD = gnu99;
				GCC_ENABLE_OBJC_EXCEPTIONS = YES;
				GCC_WARN_64_TO_32_BIT_CONVERSION = YES;
				GCC_WARN_ABOUT_RETURN_TYPE = YES;
				GCC_WARN_UNINITIALIZED_AUTOS = YES;
				GCC_WARN_UNUSED_VARIABLE = YES;
				MACOSX_DEPLOYMENT_TARGET = 10.8;
				SDKROOT = macosx;
			};
			name = Release;
		};
		6A3E52F716FFB9A200233C5F /* Debug */ = {
			isa = XCBuildConfiguration;
			buildSettings = {
				FRAMEWORK_SEARCH_PATHS = /Library/Frameworks;
				PRODUCT_NAME = "$(TARGET_NAME)";
			};
			name = Debug;
		};
		6A3E52F816FFB9A200233C5F /* Release */ = {
			isa = XCBuildConfiguration;
			buildSettings = {
				FRAMEWORK_SEARCH_PATHS = /Library/Frameworks;
				PRODUCT_NAME = "$(TARGET_NAME)";
			};
			name = Release;
		};
/* End XCBuildConfiguration section */

/* Begin XCConfigurationList section */
		6A3E52E816FFB9A200233C5F /* Build configuration list for PBXProject "SDLClickAndDrag" */ = {
			isa = XCConfigurationList;
			buildConfigurations = (
				6A3E52F416FFB9A200233C5F /* Debug */,
				6A3E52F516FFB9A200233C5F /* Release */,
			);
			defaultConfigurationIsVisible = 0;
			defaultConfigurationName = Release;
		};
		6A3E52F616FFB9A200233C5F /* Build configuration list for PBXNativeTarget "SDLClickAndDrag" */ = {
			isa = XCConfigurationList;
			buildConfigurations = (
				6A3E52F716FFB9A200233C5F /* Debug */,
				6A3E52F816FFB9A200233C5F /* Release */,
			);
			defaultConfigurationIsVisible = 0;
			defaultConfigurationName = Release;
		};
/* End XCConfigurationList section */
	};
	rootObject = 6A3E52E516FFB9A200233C5F /* Project object */;
}
